{
  "version": 4,
  "terraform_version": "1.15.8",
  "serial": 28,
  "lineage": "df5ea064-71ff-b2d8-c8d5-acccafa141f9",
  "outputs": {},
  "resources": [
    {
      "mode": "managed",
      "type": "proxmox_download_file",
      "name": "ubuntu_cloud_image",
      "provider": "provider[\"registry.terraform.io/bpg/proxmox\"]",
      "instances": [
        {
          "schema_version": 0,
          "attributes": {
            "checksum": null,
            "checksum_algorithm": null,
            "content_type": "import",
            "datastore_id": "local",
            "decompression_algorithm": null,
            "file_name": "jammy-server-cloudimg-amd64.qcow2",
            "id": "local:import/jammy-server-cloudimg-amd64.qcow2",
            "node_name": "pve",
            "overwrite": true,
            "overwrite_unmanaged": true,
            "size": 734344192,
            "upload_timeout": 600,
            "url": "https://cloud-images.ubuntu.com/jammy/current/jammy-server-cloudimg-amd64.img",
            "verify": true
          },
          "sensitive_attributes": [],
          "identity_schema_version": 0,
          "private": "eyJvcmlnaW5hbF9zdGF0ZV9zaXplIjoiTnpNME16UTBNVGt5IiwidXJsX3NpemUiOiJOek0wTXpRME1Ua3kifQ=="
        }
      ]
    },
    {
      "mode": "managed",
      "type": "proxmox_virtual_environment_file",
      "name": "cloud_init_ubuntu",
      "provider": "provider[\"registry.terraform.io/bpg/proxmox\"]",
      "instances": [
        {
          "schema_version": 0,
          "attributes": {
            "content_type": "snippets",
            "datastore_id": "local",
            "file_mode": null,
            "file_modification_date": null,
            "file_name": "cloud_init_ubuntu.cfg",
            "file_size": null,
            "file_tag": null,
            "id": "local:snippets/cloud_init_ubuntu.cfg",
            "node_name": "pve",
            "overwrite": true,
            "source_file": [],
            "source_raw": [
              {
                "data": "users:\r\n  - default\r\n  - name: root\r\n    ssh_authorized_keys:\r\n      - ssh-ed25519 0E33DWTC9pNmkyVbERRn... james@labpc1\r\n    lock_passwd: false\r\n    shell: /bin/bash\r\nssh_pwauth: True\r\nchpasswd:\r\n    list: |\r\n        root:1\r\n    expire: false\r\nhostname: ${hostname}\r\nfqdn: ${hostname}.local",
                "file_name": "cloud_init_ubuntu.cfg",
                "resize": 0
              }
            ],
            "timeout_upload": 1800,
            "upload_mode": "stream"
          },
          "sensitive_attributes": [],
          "identity_schema_version": 0,
          "private": "bnVsbA=="
        }
      ]
    },
    {
      "mode": "managed",
      "type": "proxmox_virtual_environment_vm",
      "name": "ubuntu_template",
      "provider": "provider[\"registry.terraform.io/bpg/proxmox\"]",
      "instances": [
        {
          "schema_version": 0,
          "attributes": {
            "acpi": true,
            "agent": [],
            "amd_sev": [],
            "audio_device": [],
            "bios": "ovmf",
            "boot_order": [
              "virtio0",
              "net0"
            ],
            "cdrom": [],
            "clone": [],
            "cpu": [
              {
                "affinity": "",
                "architecture": "",
                "cores": 2,
                "flags": [],
                "hotplugged": 0,
                "limit": 0,
                "numa": false,
                "sockets": 1,
                "type": "host",
                "units": 0
              }
            ],
            "delete_unreferenced_disks_on_destroy": true,
            "description": "Managed by Terraform",
            "disk": [
              {
                "aio": "io_uring",
                "backup": true,
                "cache": "none",
                "datastore_id": "local-lvm",
                "discard": "on",
                "file_format": "raw",
                "file_id": "",
                "import_from": "local:import/jammy-server-cloudimg-amd64.qcow2",
                "interface": "virtio0",
                "iothread": true,
                "path_in_datastore": "base-9000-disk-1",
                "queues": 0,
                "replicate": true,
                "serial": "",
                "size": 20,
                "speed": [],
                "ssd": false
              }
            ],
            "efi_disk": [
              {
                "datastore_id": "local-lvm",
                "file_format": "raw",
                "pre_enrolled_keys": false,
                "type": "4m"
              }
            ],
            "hook_script_file_id": "",
            "hostpci": [],
            "hotplug": null,
            "id": "9000",
            "initialization": [
              {
                "datastore_id": "local-lvm",
                "dns": [],
                "file_format": "",
                "interface": "ide2",
                "ip_config": [
                  {
                    "ipv4": [
                      {
                        "address": "dhcp",
                        "gateway": ""
                      }
                    ],
                    "ipv6": []
                  }
                ],
                "meta_data_file_id": "",
                "network_data_file_id": "",
                "type": "",
                "upgrade": true,
                "user_account": [],
                "user_data_file_id": "local:snippets/cloud_init_ubuntu.cfg",
                "vendor_data_file_id": ""
              }
            ],
            "ipv4_addresses": [],
            "ipv6_addresses": [],
            "keyboard_layout": "en-us",
            "kvm_arguments": "",
            "mac_addresses": [
              "BC:24:11:8E:37:90"
            ],
            "machine": "q35",
            "memory": [
              {
                "dedicated": 2048,
                "floating": 0,
                "hugepages": "",
                "keep_hugepages": false,
                "shared": 0
              }
            ],
            "migrate": false,
            "name": "ubuntu-template",
            "network_device": [
              {
                "bridge": "vmbr0",
                "disconnected": false,
                "enabled": true,
                "firewall": false,
                "mac_address": "BC:24:11:8E:37:90",
                "model": "virtio",
                "mtu": 0,
                "queues": 0,
                "rate_limit": 0,
                "trunks": "",
                "vlan_id": 0
              }
            ],
            "network_interface_names": [],
            "node_name": "pve",
            "numa": [],
            "on_boot": true,
            "operating_system": [
              {
                "type": "l26"
              }
            ],
            "pool_id": "",
            "protection": false,
            "purge_on_destroy": true,
            "reboot": false,
            "reboot_after_update": true,
            "rng": [],
            "scsi_hardware": "virtio-scsi-pci",
            "serial_device": [],
            "smbios": [],
            "started": null,
            "startup": [],
            "stop_on_destroy": false,
            "tablet_device": true,
            "tags": [],
            "template": true,
            "timeout_clone": 1800,
            "timeout_create": 1800,
            "timeout_migrate": 1800,
            "timeout_move_disk": 1800,
            "timeout_reboot": 1800,
            "timeout_shutdown_vm": 1800,
            "timeout_start_vm": 1800,
            "timeout_stop_vm": 300,
            "tpm_state": [],
            "usb": [],
            "vga": [],
            "virtiofs": [],
            "vm_id": 9000,
            "watchdog": []
          },
          "sensitive_attributes": [],
          "identity_schema_version": 0,
          "private": "bnVsbA==",
          "dependencies": [
            "proxmox_download_file.ubuntu_cloud_image",
            "proxmox_virtual_environment_file.cloud_init_ubuntu"
          ]
        }
      ]
    },
    {
      "mode": "managed",
      "type": "proxmox_virtual_environment_vm",
      "name": "ubuntu_vm",
      "provider": "provider[\"registry.terraform.io/bpg/proxmox\"]",
      "instances": [
        {
          "status": "tainted",
          "schema_version": 0,
          "attributes": {
            "acpi": true,
            "agent": [
              {
                "enabled": true,
                "timeout": "15m",
                "trim": false,
                "type": "virtio",
                "wait_for_ip": []
              }
            ],
            "amd_sev": [],
            "audio_device": [],
            "bios": "seabios",
            "boot_order": null,
            "cdrom": [],
            "clone": [
              {
                "datastore_id": "local-lvm",
                "full": true,
                "node_name": "",
                "retries": 3,
                "vm_id": 9000
              }
            ],
            "cpu": [
              {
                "affinity": "",
                "architecture": "",
                "cores": 2,
                "flags": null,
                "hotplugged": 0,
                "limit": 0,
                "numa": false,
                "sockets": 1,
                "type": "host",
                "units": 0
              }
            ],
            "delete_unreferenced_disks_on_destroy": true,
            "description": null,
            "disk": [],
            "efi_disk": [],
            "hook_script_file_id": null,
            "hostpci": [],
            "hotplug": null,
            "id": "101",
            "initialization": [
              {
                "datastore_id": "local-lvm",
                "dns": [],
                "file_format": "",
                "interface": "",
                "ip_config": [
                  {
                    "ipv4": [
                      {
                        "address": "dhcp",
                        "gateway": ""
                      }
                    ],
                    "ipv6": []
                  }
                ],
                "meta_data_file_id": "",
                "network_data_file_id": "",
                "type": "",
                "upgrade": false,
                "user_account": [],
                "user_data_file_id": "local:snippets/cloud_init_ubuntu.cfg",
                "vendor_data_file_id": ""
              }
            ],
            "ipv4_addresses": null,
            "ipv6_addresses": null,
            "keyboard_layout": "en-us",
            "kvm_arguments": null,
            "mac_addresses": null,
            "machine": null,
            "memory": [
              {
                "dedicated": 2048,
                "floating": 0,
                "hugepages": "",
                "keep_hugepages": false,
                "shared": 0
              }
            ],
            "migrate": false,
            "name": "ubuntu01",
            "network_device": null,
            "network_interface_names": null,
            "node_name": "pve",
            "numa": [],
            "on_boot": true,
            "operating_system": [],
            "pool_id": null,
            "protection": false,
            "purge_on_destroy": true,
            "reboot": false,
            "reboot_after_update": true,
            "rng": [],
            "scsi_hardware": "virtio-scsi-pci",
            "serial_device": [],
            "smbios": [],
            "started": true,
            "startup": [],
            "stop_on_destroy": false,
            "tablet_device": true,
            "tags": null,
            "template": false,
            "timeout_clone": 1800,
            "timeout_create": 1800,
            "timeout_migrate": 1800,
            "timeout_move_disk": 1800,
            "timeout_reboot": 1800,
            "timeout_shutdown_vm": 1800,
            "timeout_start_vm": 1800,
            "timeout_stop_vm": 300,
            "tpm_state": [],
            "usb": [],
            "vga": null,
            "virtiofs": [],
            "vm_id": 101,
            "watchdog": []
          },
          "sensitive_attributes": [],
          "identity_schema_version": 0,
          "private": "bnVsbA==",
          "dependencies": [
            "proxmox_download_file.ubuntu_cloud_image",
            "proxmox_virtual_environment_file.cloud_init_ubuntu",
            "proxmox_virtual_environment_vm.ubuntu_template"
          ]
        }
      ]
    }
  ],
  "check_results": null
}
